# This file was autogenerated by Stack.
# You should not edit this file by hand.
# For more information, please see the documentation at:
#   https://docs.haskellstack.org/en/stable/lock_files

packages:
- completed:
    hackage: cmptype-0.2.0.0@sha256:53259abc6fad3f6f0cf0040a0c4d6964de0c42a10a5360dc0d7ca9f95ce63a71,1605
    pantry-tree:
      size: 628
      sha256: 94233bf8495be8928f5c6e977c9013bec209dcbbe32cd179924c69e3c911a7d2
  original:
    hackage: cmptype-0.2.0.0
- completed:
    hackage: magic-tyfams-0.1.1.0@sha256:40dcdf3f4b8d337aad2586f4b919cf430ddd348e43f2a448d85b4c52109fff46,1336
    pantry-tree:
      size: 322
      sha256: 9abc592578e37c16fb78b8fa4222d5ea20b54b776c2af436f5a96361f1b9552f
  original:
    hackage: magic-tyfams-0.1.1.0
- completed:
    hackage: constraints-0.11@sha256:44f80a313d5d4fcfb3c18eb6625dd3db4bb845d5ca8d3b1f62125a4b7241e590,2186
    pantry-tree:
      size: 867
      sha256: 1d56051f040b16ba2e55dced7f6ed0bdac7d2a28dbd844bf283425ddb5f5b6cc
  original:
    hackage: constraints-0.11
- completed:
    hackage: monad-chronicle-1@sha256:94640ed9f2899a6143eb6ffe1fa3f26c8c6de2b873417501c77b74b326513815,1822
    pantry-tree:
      size: 388
      sha256: 1868ea378b2ca289627ed50a71b5ba547afd94cc57ac0b710de4a9b162389687
  original:
    hackage: monad-chronicle-1
- completed:
    size: 23697
    url: https://github.com/isovector/type-sets/archive/3f5c0b197bf4ba3fac9c07011be90550f2999c32.tar.gz
    cabal-file:
      size: 1537
      sha256: 1dcdf6d99eb866d32c98f67792e21a91614d4aeb98dec9bfe3f52cf88aadd53b
    name: type-sets
    version: 0.1.1.0
    sha256: 46a3cab040899ce2f79c47a1f2e353b553a95f62b71c2d4c00f98c06f53498f9
    pantry-tree:
      size: 2217
      sha256: f8ad8892cd57be4af23b68d1d7ed3503efec54525f47456e34113276a99962ea
  original:
    url: https://github.com/isovector/type-sets/archive/3f5c0b197bf4ba3fac9c07011be90550f2999c32.tar.gz
snapshots:
- completed:
    size: 523884
    url: https://raw.githubusercontent.com/commercialhaskell/stackage-snapshots/master/lts/14/4.yaml
    sha256: 16f24be248b42c9e16d59db84378836b1e7c239448a041cae46d32daffa45a8b
  original: lts-14.4
